
Microsoft Visual Studio Solution File, Format Version 12.00
# Visual Studio 2013
VisualStudioVersion = 12.0.31101.0
MinimumVisualStudioVersion = 10.0.40219.1
Project("{FAE04EC0-301F-11D3-BF4B-00C04F79EFBC}") = "FireLite.Core", "FireLite.Core\FireLite.Core.csproj", "{5DB73B3E-3466-48B1-8BB5-51CF9060905D}"
EndProject
Project("{2150E333-8FDC-42A3-9474-1A3956D46DE8}") = "Samples", "Samples", "{F9E2383A-D7B3-44CA-99ED-9483AE819D91}"
EndProject
Project("{2150E333-8FDC-42A3-9474-1A3956D46DE8}") = "SimpleServer", "SimpleServer", "{E2077E9D-7AB7-4849-9B51-944008A36173}"
EndProject
Project("{FAE04EC0-301F-11D3-BF4B-00C04F79EFBC}") = "FireLite.Samples.SimpleServer.Server", "FireLite.Samples.SimpleServer.Server\FireLite.Samples.SimpleServer.Server.csproj", "{E2DA786A-303F-4CEF-9983-93518C7DAD65}"
EndProject
Project("{FAE04EC0-301F-11D3-BF4B-00C04F79EFBC}") = "FireLite.Samples.SimpleServer.Client", "FireLite.Samples.SimpleServer.Client\FireLite.Samples.SimpleServer.Client.csproj", "{B71C09F1-D86D-4D08-BB76-E1F38C70B43A}"
EndProject
Global
	GlobalSection(SolutionConfigurationPlatforms) = preSolution
		Debug|Any CPU = Debug|Any CPU
		Release|Any CPU = Release|Any CPU
	EndGlobalSection
	GlobalSection(ProjectConfigurationPlatforms) = postSolution
		{5DB73B3E-3466-48B1-8BB5-51CF9060905D}.Debug|Any CPU.ActiveCfg = Debug|Any CPU
		{5DB73B3E-3466-48B1-8BB5-51CF9060905D}.Debug|Any CPU.Build.0 = Debug|Any CPU
		{5DB73B3E-3466-48B1-8BB5-51CF9060905D}.Release|Any CPU.ActiveCfg = Release|Any CPU
		{5DB73B3E-3466-48B1-8BB5-51CF9060905D}.Release|Any CPU.Build.0 = Release|Any CPU
		{E2DA786A-303F-4CEF-9983-93518C7DAD65}.Debug|Any CPU.ActiveCfg = Debug|Any CPU
		{E2DA786A-303F-4CEF-9983-93518C7DAD65}.Debug|Any CPU.Build.0 = Debug|Any CPU
		{E2DA786A-303F-4CEF-9983-93518C7DAD65}.Release|Any CPU.ActiveCfg = Release|Any CPU
		{E2DA786A-303F-4CEF-9983-93518C7DAD65}.Release|Any CPU.Build.0 = Release|Any CPU
		{B71C09F1-D86D-4D08-BB76-E1F38C70B43A}.Debug|Any CPU.ActiveCfg = Debug|Any CPU
		{B71C09F1-D86D-4D08-BB76-E1F38C70B43A}.Debug|Any CPU.Build.0 = Debug|Any CPU
		{B71C09F1-D86D-4D08-BB76-E1F38C70B43A}.Release|Any CPU.ActiveCfg = Release|Any CPU
		{B71C09F1-D86D-4D08-BB76-E1F38C70B43A}.Release|Any CPU.Build.0 = Release|Any CPU
	EndGlobalSection
	GlobalSection(SolutionProperties) = preSolution
		HideSolutionNode = FALSE
	EndGlobalSection
	GlobalSection(NestedProjects) = preSolution
		{E2077E9D-7AB7-4849-9B51-944008A36173} = {F9E2383A-D7B3-44CA-99ED-9483AE819D91}
		{E2DA786A-303F-4CEF-9983-93518C7DAD65} = {E2077E9D-7AB7-4849-9B51-944008A36173}
		{B71C09F1-D86D-4D08-BB76-E1F38C70B43A} = {E2077E9D-7AB7-4849-9B51-944008A36173}
	EndGlobalSection
EndGlobal
